// !$*UTF8*$!
{
	archiveVersion = 1;
	classes = {
	};
	objectVersion = 56;
	objects = {

/* Begin PBXBuildFile section */
		876F35A12B3B0CA200CD6A0F /* AppDelegate.swift in Sources */ = {isa = PBXBuildFile; fileRef = 876F35A02B3B0CA200CD6A0F /* AppDelegate.swift */; };
		876F35A32B3B0CA200CD6A0F /* ViewController.swift in Sources */ = {isa = PBXBuildFile; fileRef = 876F35A22B3B0CA200CD6A0F /* ViewController.swift */; };
		876F35A52B3B0CA300CD6A0F /* Assets.xcassets in Resources */ = {isa = PBXBuildFile; fileRef = 876F35A42B3B0CA300CD6A0F /* Assets.xcassets */; };
		876F35A82B3B0CA300CD6A0F /* Main.storyboard in Resources */ = {isa = PBXBuildFile; fileRef = 876F35A62B3B0CA300CD6A0F /* Main.storyboard */; };
		876F35B32B3B0CA300CD6A0F /* RihTrackerAppTests.swift in Sources */ = {isa = PBXBuildFile; fileRef = 876F35B22B3B0CA300CD6A0F /* RihTrackerAppTests.swift */; };
		876F35BD2B3B0CA300CD6A0F /* RihTrackerAppUITests.swift in Sources */ = {isa = PBXBuildFile; fileRef = 876F35BC2B3B0CA300CD6A0F /* RihTrackerAppUITests.swift */; };
		876F35BF2B3B0CA300CD6A0F /* RihTrackerAppUITestsLaunchTests.swift in Sources */ = {isa = PBXBuildFile; fileRef = 876F35BE2B3B0CA300CD6A0F /* RihTrackerAppUITestsLaunchTests.swift */; };
/* End PBXBuildFile section */

/* Begin PBXContainerItemProxy section */
		876F35AF2B3B0CA300CD6A0F /* PBXContainerItemProxy */ = {
			isa = PBXContainerItemProxy;
			containerPortal = 876F35952B3B0CA200CD6A0F /* Project object */;
			proxyType = 1;
			remoteGlobalIDString = 876F359C2B3B0CA200CD6A0F;
			remoteInfo = RihTrackerApp;
		};
		876F35B92B3B0CA300CD6A0F /* PBXContainerItemProxy */ = {
			isa = PBXContainerItemProxy;
			containerPortal = 876F35952B3B0CA200CD6A0F /* Project object */;
			proxyType = 1;
			remoteGlobalIDString = 876F359C2B3B0CA200CD6A0F;
			remoteInfo = RihTrackerApp;
		};
/* End PBXContainerItemProxy section */

/* Begin PBXFileReference section */
		876F359D2B3B0CA200CD6A0F /* RihTrackerApp.app */ = {isa = PBXFileReference; explicitFileType = wrapper.application; includeInIndex = 0; path = RihTrackerApp.app; sourceTree = BUILT_PRODUCTS_DIR; };
		876F35A02B3B0CA200CD6A0F /* AppDelegate.swift */ = {isa = PBXFileReference; lastKnownFileType = sourcecode.swift; path = AppDelegate.swift; sourceTree = "<group>"; };
		876F35A22B3B0CA200CD6A0F /* ViewController.swift */ = {isa = PBXFileReference; lastKnownFileType = sourcecode.swift; path = ViewController.swift; sourceTree = "<group>"; };
		876F35A42B3B0CA300CD6A0F /* Assets.xcassets */ = {isa = PBXFileReference; lastKnownFileType = folder.assetcatalog; path = Assets.xcassets; sourceTree = "<group>"; };
		876F35A72B3B0CA300CD6A0F /* Base */ = {isa = PBXFileReference; lastKnownFileType = file.storyboard; name = Base; path = Base.lproj/Main.storyboard; sourceTree = "<group>"; };
		876F35A92B3B0CA300CD6A0F /* RihTrackerApp.entitlements */ = {isa = PBXFileReference; lastKnownFileType = text.plist.entitlements; path = RihTrackerApp.entitlements; sourceTree = "<group>"; };
		876F35AE2B3B0CA300CD6A0F /* RihTrackerAppTests.xctest */ = {isa = PBXFileReference; explicitFileType = wrapper.cfbundle; includeInIndex = 0; path = RihTrackerAppTests.xctest; sourceTree = BUILT_PRODUCTS_DIR; };
		876F35B22B3B0CA300CD6A0F /* RihTrackerAppTests.swift */ = {isa = PBXFileReference; lastKnownFileType = sourcecode.swift; path = RihTrackerAppTests.swift; sourceTree = "<group>"; };
		876F35B82B3B0CA300CD6A0F /* RihTrackerAppUITests.xctest */ = {isa = PBXFileReference; explicitFileType = wrapper.cfbundle; includeInIndex = 0; path = RihTrackerAppUITests.xctest; sourceTree = BUILT_PRODUCTS_DIR; };
		876F35BC2B3B0CA300CD6A0F /* RihTrackerAppUITests.swift */ = {isa = PBXFileReference; lastKnownFileType = sourcecode.swift; path = RihTrackerAppUITests.swift; sourceTree = "<group>"; };
		876F35BE2B3B0CA300CD6A0F /* RihTrackerAppUITestsLaunchTests.swift */ = {isa = PBXFileReference; lastKnownFileType = sourcecode.swift; path = RihTrackerAppUITestsLaunchTests.swift; sourceTree = "<group>"; };
/* End PBXFileReference section */

/* Begin PBXFrameworksBuildPhase section */
		876F359A2B3B0CA200CD6A0F /* Frameworks */ = {
			isa = PBXFrameworksBuildPhase;
			buildActionMask = 2147483647;
			files = (
			);
			runOnlyForDeploymentPostprocessing = 0;
		};
		876F35AB2B3B0CA300CD6A0F /* Frameworks */ = {
			isa = PBXFrameworksBuildPhase;
			buildActionMask = 2147483647;
			files = (
			);
			runOnlyForDeploymentPostprocessing = 0;
		};
		876F35B52B3B0CA300CD6A0F /* Frameworks */ = {
			isa = PBXFrameworksBuildPhase;
			buildActionMask = 2147483647;
			files = (
			);
			runOnlyForDeploymentPostprocessing = 0;
		};
/* End PBXFrameworksBuildPhase section */

/* Begin PBXGroup section */
		876F35942B3B0CA200CD6A0F = {
			isa = PBXGroup;
			children = (
				876F359F2B3B0CA200CD6A0F /* RihTrackerApp */,
				876F35B12B3B0CA300CD6A0F /* RihTrackerAppTests */,
				876F35BB2B3B0CA300CD6A0F /* RihTrackerAppUITests */,
				876F359E2B3B0CA200CD6A0F /* Products */,
			);
			sourceTree = "<group>";
		};
		876F359E2B3B0CA200CD6A0F /* Products */ = {
			isa = PBXGroup;
			children = (
				876F359D2B3B0CA200CD6A0F /* RihTrackerApp.app */,
				876F35AE2B3B0CA300CD6A0F /* RihTrackerAppTests.xctest */,
				876F35B82B3B0CA300CD6A0F /* RihTrackerAppUITests.xctest */,
			);
			name = Products;
			sourceTree = "<group>";
		};
		876F359F2B3B0CA200CD6A0F /* RihTrackerApp */ = {
			isa = PBXGroup;
			children = (
				876F35A02B3B0CA200CD6A0F /* AppDelegate.swift */,
				876F35A22B3B0CA200CD6A0F /* ViewController.swift */,
				876F35A42B3B0CA300CD6A0F /* Assets.xcassets */,
				876F35A62B3B0CA300CD6A0F /* Main.storyboard */,
				876F35A92B3B0CA300CD6A0F /* RihTrackerApp.entitlements */,
			);
			path = RihTrackerApp;
			sourceTree = "<group>";
		};
		876F35B12B3B0CA300CD6A0F /* RihTrackerAppTests */ = {
			isa = PBXGroup;
			children = (
				876F35B22B3B0CA300CD6A0F /* RihTrackerAppTests.swift */,
			);
			path = RihTrackerAppTests;
			sourceTree = "<group>";
		};
		876F35BB2B3B0CA300CD6A0F /* RihTrackerAppUITests */ = {
			isa = PBXGroup;
			children = (
				876F35BC2B3B0CA300CD6A0F /* RihTrackerAppUITests.swift */,
				876F35BE2B3B0CA300CD6A0F /* RihTrackerAppUITestsLaunchTests.swift */,
			);
			path = RihTrackerAppUITests;
			sourceTree = "<group>";
		};
/* End PBXGroup section */

/* Begin PBXNativeTarget section */
		876F359C2B3B0CA200CD6A0F /* RihTrackerApp */ = {
			isa = PBXNativeTarget;
			buildConfigurationList = 876F35C22B3B0CA300CD6A0F /* Build configuration list for PBXNativeTarget "RihTrackerApp" */;
			buildPhases = (
				876F35992B3B0CA200CD6A0F /* Sources */,
				876F359A2B3B0CA200CD6A0F /* Frameworks */,
				876F359B2B3B0CA200CD6A0F /* Resources */,
			);
			buildRules = (
			);
			dependencies = (
			);
			name = RihTrackerApp;
			productName = RihTrackerApp;
			productReference = 876F359D2B3B0CA200CD6A0F /* RihTrackerApp.app */;
			productType = "com.apple.product-type.application";
		};
		876F35AD2B3B0CA300CD6A0F /* RihTrackerAppTests */ = {
			isa = PBXNativeTarget;
			buildConfigurationList = 876F35C52B3B0CA300CD6A0F /* Build configuration list for PBXNativeTarget "RihTrackerAppTests" */;
			buildPhases = (
				876F35AA2B3B0CA300CD6A0F /* Sources */,
				876F35AB2B3B0CA300CD6A0F /* Frameworks */,
				876F35AC2B3B0CA300CD6A0F /* Resources */,
			);
			buildRules = (
			);
			dependencies = (
				876F35B02B3B0CA300CD6A0F /* PBXTargetDependency */,
			);
			name = RihTrackerAppTests;
			productName = RihTrackerAppTests;
			productReference = 876F35AE2B3B0CA300CD6A0F /* RihTrackerAppTests.xctest */;
			productType = "com.apple.product-type.bundle.unit-test";
		};
		876F35B72B3B0CA300CD6A0F /* RihTrackerAppUITests */ = {
			isa = PBXNativeTarget;
			buildConfigurationList = 876F35C82B3B0CA300CD6A0F /* Build configuration list for PBXNativeTarget "RihTrackerAppUITests" */;
			buildPhases = (
				876F35B42B3B0CA300CD6A0F /* Sources */,
				876F35B52B3B0CA300CD6A0F /* Frameworks */,
				876F35B62B3B0CA300CD6A0F /* Resources */,
			);
			buildRules = (
			);
			dependencies = (
				876F35BA2B3B0CA300CD6A0F /* PBXTargetDependency */,
			);
			name = RihTrackerAppUITests;
			productName = RihTrackerAppUITests;
			productReference = 876F35B82B3B0CA300CD6A0F /* RihTrackerAppUITests.xctest */;
			productType = "com.apple.product-type.bundle.ui-testing";
		};
/* End PBXNativeTarget section */

/* Begin PBXProject section */
		876F35952B3B0CA200CD6A0F /* Project object */ = {
			isa = PBXProject;
			attributes = {
				BuildIndependentTargetsInParallel = 1;
				LastSwiftUpdateCheck = 1510;
				LastUpgradeCheck = 1510;
				TargetAttributes = {
					876F359C2B3B0CA200CD6A0F = {
						CreatedOnToolsVersion = 15.1;
					};
					876F35AD2B3B0CA300CD6A0F = {
						CreatedOnToolsVersion = 15.1;
						TestTargetID = 876F359C2B3B0CA200CD6A0F;
					};
					876F35B72B3B0CA300CD6A0F = {
						CreatedOnToolsVersion = 15.1;
						TestTargetID = 876F359C2B3B0CA200CD6A0F;
					};
				};
			};
			buildConfigurationList = 876F35982B3B0CA200CD6A0F /* Build configuration list for PBXProject "RihTrackerApp" */;
			compatibilityVersion = "Xcode 14.0";
			developmentRegion = en;
			hasScannedForEncodings = 0;
			knownRegions = (
				en,
				Base,
			);
			mainGroup = 876F35942B3B0CA200CD6A0F;
			productRefGroup = 876F359E2B3B0CA200CD6A0F /* Products */;
			projectDirPath = "";
			projectRoot = "";
			targets = (
				876F359C2B3B0CA200CD6A0F /* RihTrackerApp */,
				876F35AD2B3B0CA300CD6A0F /* RihTrackerAppTests */,
				876F35B72B3B0CA300CD6A0F /* RihTrackerAppUITests */,
			);
		};
/* End PBXProject section */

/* Begin PBXResourcesBuildPhase section */
		876F359B2B3B0CA200CD6A0F /* Resources */ = {
			isa = PBXResourcesBuildPhase;
			buildActionMask = 2147483647;
			files = (
				876F35A52B3B0CA300CD6A0F /* Assets.xcassets in Resources */,
				876F35A82B3B0CA300CD6A0F /* Main.storyboard in Resources */,
			);
			runOnlyForDeploymentPostprocessing = 0;
		};
		876F35AC2B3B0CA300CD6A0F /* Resources */ = {
			isa = PBXResourcesBuildPhase;
			buildActionMask = 2147483647;
			files = (
			);
			runOnlyForDeploymentPostprocessing = 0;
		};
		876F35B62B3B0CA300CD6A0F /* Resources */ = {
			isa = PBXResourcesBuildPhase;
			buildActionMask = 2147483647;
			files = (
			);
			runOnlyForDeploymentPostprocessing = 0;
		};
/* End PBXResourcesBuildPhase section */

/* Begin PBXSourcesBuildPhase section */
		876F35992B3B0CA200CD6A0F /* Sources */ = {
			isa = PBXSourcesBuildPhase;
			buildActionMask = 2147483647;
			files = (
				876F35A32B3B0CA200CD6A0F /* ViewController.swift in Sources */,
				876F35A12B3B0CA200CD6A0F /* AppDelegate.swift in Sources */,
			);
			runOnlyForDeploymentPostprocessing = 0;
		};
		876F35AA2B3B0CA300CD6A0F /* Sources */ = {
			isa = PBXSourcesBuildPhase;
			buildActionMask = 2147483647;
			files = (
				876F35B32B3B0CA300CD6A0F /* RihTrackerAppTests.swift in Sources */,
			);
			runOnlyForDeploymentPostprocessing = 0;
		};
		876F35B42B3B0CA300CD6A0F /* Sources */ = {
			isa = PBXSourcesBuildPhase;
			buildActionMask = 2147483647;
			files = (
				876F35BD2B3B0CA300CD6A0F /* RihTrackerAppUITests.swift in Sources */,
				876F35BF2B3B0CA300CD6A0F /* RihTrackerAppUITestsLaunchTests.swift in Sources */,
			);
			runOnlyForDeploymentPostprocessing = 0;
		};
/* End PBXSourcesBuildPhase section */

/* Begin PBXTargetDependency section */
		876F35B02B3B0CA300CD6A0F /* PBXTargetDependency */ = {
			isa = PBXTargetDependency;
			target = 876F359C2B3B0CA200CD6A0F /* RihTrackerApp */;
			targetProxy = 876F35AF2B3B0CA300CD6A0F /* PBXContainerItemProxy */;
		};
		876F35BA2B3B0CA300CD6A0F /* PBXTargetDependency */ = {
			isa = PBXTargetDependency;
			target = 876F359C2B3B0CA200CD6A0F /* RihTrackerApp */;
			targetProxy = 876F35B92B3B0CA300CD6A0F /* PBXContainerItemProxy */;
		};
/* End PBXTargetDependency section */

/* Begin PBXVariantGroup section */
		876F35A62B3B0CA300CD6A0F /* Main.storyboard */ = {
			isa = PBXVariantGroup;
			children = (
				876F35A72B3B0CA300CD6A0F /* Base */,
			);
			name = Main.storyboard;
			sourceTree = "<group>";
		};
/* End PBXVariantGroup section */

/* Begin XCBuildConfiguration section */
		876F35C02B3B0CA300CD6A0F /* Debug */ = {
			isa = XCBuildConfiguration;
			buildSettings = {
				ALWAYS_SEARCH_USER_PATHS = NO;
				ASSETCATALOG_COMPILER_GENERATE_SWIFT_ASSET_SYMBOL_EXTENSIONS = YES;
				CLANG_ANALYZER_NONNULL = YES;
				CLANG_ANALYZER_NUMBER_OBJECT_CONVERSION = YES_AGGRESSIVE;
				CLANG_CXX_LANGUAGE_STANDARD = "gnu++20";
				CLANG_ENABLE_MODULES = YES;
				CLANG_ENABLE_OBJC_ARC = YES;
				CLANG_ENABLE_OBJC_WEAK = YES;
				CLANG_WARN_BLOCK_CAPTURE_AUTORELEASING = YES;
				CLANG_WARN_BOOL_CONVERSION = YES;
				CLANG_WARN_COMMA = YES;
				CLANG_WARN_CONSTANT_CONVERSION = YES;
				CLANG_WARN_DEPRECATED_OBJC_IMPLEMENTATIONS = YES;
				CLANG_WARN_DIRECT_OBJC_ISA_USAGE = YES_ERROR;
				CLANG_WARN_DOCUMENTATION_COMMENTS = YES;
				CLANG_WARN_EMPTY_BODY = YES;
				CLANG_WARN_ENUM_CONVERSION = YES;
				CLANG_WARN_INFINITE_RECURSION = YES;
				CLANG_WARN_INT_CONVERSION = YES;
				CLANG_WARN_NON_LITERAL_NULL_CONVERSION = YES;
				CLANG_WARN_OBJC_IMPLICIT_RETAIN_SELF = YES;
				CLANG_WARN_OBJC_LITERAL_CONVERSION = YES;
				CLANG_WARN_OBJC_ROOT_CLASS = YES_ERROR;
				CLANG_WARN_QUOTED_INCLUDE_IN_FRAMEWORK_HEADER = YES;
				CLANG_WARN_RANGE_LOOP_ANALYSIS = YES;
				CLANG_WARN_STRICT_PROTOTYPES = YES;
				CLANG_WARN_SUSPICIOUS_MOVE = YES;
				CLANG_WARN_UNGUARDED_AVAILABILITY = YES_AGGRESSIVE;
				CLANG_WARN_UNREACHABLE_CODE = YES;
				CLANG_WARN__DUPLICATE_METHOD_MATCH = YES;
				COPY_PHASE_STRIP = NO;
				DEBUG_INFORMATION_FORMAT = dwarf;
				ENABLE_STRICT_OBJC_MSGSEND = YES;
				ENABLE_TESTABILITY = YES;
				ENABLE_USER_SCRIPT_SANDBOXING = YES;
				GCC_C_LANGUAGE_STANDARD = gnu17;
				GCC_DYNAMIC_NO_PIC = NO;
				GCC_NO_COMMON_BLOCKS = YES;
				GCC_OPTIMIZATION_LEVEL = 0;
				GCC_PREPROCESSOR_DEFINITIONS = (
					"DEBUG=1",
					"$(inherited)",
				);
				GCC_WARN_64_TO_32_BIT_CONVERSION = YES;
				GCC_WARN_ABOUT_RETURN_TYPE = YES_ERROR;
				GCC_WARN_UNDECLARED_SELECTOR = YES;
				GCC_WARN_UNINITIALIZED_AUTOS = YES_AGGRESSIVE;
				GCC_WARN_UNUSED_FUNCTION = YES;
				GCC_WARN_UNUSED_VARIABLE = YES;
				LOCALIZATION_PREFERS_STRING_CATALOGS = YES;
				MACOSX_DEPLOYMENT_TARGET = 14.2;
				MTL_ENABLE_DEBUG_INFO = INCLUDE_SOURCE;
				MTL_FAST_MATH = YES;
				ONLY_ACTIVE_ARCH = YES;
				SDKROOT = macosx;
				SWIFT_ACTIVE_COMPILATION_CONDITIONS = "DEBUG $(inherited)";
				SWIFT_OPTIMIZATION_LEVEL = "-Onone";
			};
			name = Debug;
		};
		876F35C12B3B0CA300CD6A0F /* Release */ = {
			isa = XCBuildConfiguration;
			buildSettings = {
				ALWAYS_SEARCH_USER_PATHS = NO;
				ASSETCATALOG_COMPILER_GENERATE_SWIFT_ASSET_SYMBOL_EXTENSIONS = YES;
				CLANG_ANALYZER_NONNULL = YES;
				CLANG_ANALYZER_NUMBER_OBJECT_CONVERSION = YES_AGGRESSIVE;
				CLANG_CXX_LANGUAGE_STANDARD = "gnu++20";
				CLANG_ENABLE_MODULES = YES;
				CLANG_ENABLE_OBJC_ARC = YES;
				CLANG_ENABLE_OBJC_WEAK = YES;
				CLANG_WARN_BLOCK_CAPTURE_AUTORELEASING = YES;
				CLANG_WARN_BOOL_CONVERSION = YES;
				CLANG_WARN_COMMA = YES;
				CLANG_WARN_CONSTANT_CONVERSION = YES;
				CLANG_WARN_DEPRECATED_OBJC_IMPLEMENTATIONS = YES;
				CLANG_WARN_DIRECT_OBJC_ISA_USAGE = YES_ERROR;
				CLANG_WARN_DOCUMENTATION_COMMENTS = YES;
				CLANG_WARN_EMPTY_BODY = YES;
				CLANG_WARN_ENUM_CONVERSION = YES;
				CLANG_WARN_INFINITE_RECURSION = YES;
				CLANG_WARN_INT_CONVERSION = YES;
				CLANG_WARN_NON_LITERAL_NULL_CONVERSION = YES;
				CLANG_WARN_OBJC_IMPLICIT_RETAIN_SELF = YES;
				CLANG_WARN_OBJC_LITERAL_CONVERSION = YES;
				CLANG_WARN_OBJC_ROOT_CLASS = YES_ERROR;
				CLANG_WARN_QUOTED_INCLUDE_IN_FRAMEWORK_HEADER = YES;
				CLANG_WARN_RANGE_LOOP_ANALYSIS = YES;
				CLANG_WARN_STRICT_PROTOTYPES = YES;
				CLANG_WARN_SUSPICIOUS_MOVE = YES;
				CLANG_WARN_UNGUARDED_AVAILABILITY = YES_AGGRESSIVE;
				CLANG_WARN_UNREACHABLE_CODE = YES;
				CLANG_WARN__DUPLICATE_METHOD_MATCH = YES;
				COPY_PHASE_STRIP = NO;
				DEBUG_INFORMATION_FORMAT = "dwarf-with-dsym";
				ENABLE_NS_ASSERTIONS = NO;
				ENABLE_STRICT_OBJC_MSGSEND = YES;
				ENABLE_USER_SCRIPT_SANDBOXING = YES;
				GCC_C_LANGUAGE_STANDARD = gnu17;
				GCC_NO_COMMON_BLOCKS = YES;
				GCC_WARN_64_TO_32_BIT_CONVERSION = YES;
				GCC_WARN_ABOUT_RETURN_TYPE = YES_ERROR;
				GCC_WARN_UNDECLARED_SELECTOR = YES;
				GCC_WARN_UNINITIALIZED_AUTOS = YES_AGGRESSIVE;
				GCC_WARN_UNUSED_FUNCTION = YES;
				GCC_WARN_UNUSED_VARIABLE = YES;
				LOCALIZATION_PREFERS_STRING_CATALOGS = YES;
				MACOSX_DEPLOYMENT_TARGET = 14.2;
				MTL_ENABLE_DEBUG_INFO = NO;
				MTL_FAST_MATH = YES;
				SDKROOT = macosx;
				SWIFT_COMPILATION_MODE = wholemodule;
			};
			name = Release;
		};
		876F35C32B3B0CA300CD6A0F /* Debug */ = {
			isa = XCBuildConfiguration;
			buildSettings = {
				ASSETCATALOG_COMPILER_APPICON_NAME = AppIcon;
				ASSETCATALOG_COMPILER_GLOBAL_ACCENT_COLOR_NAME = AccentColor;
				CODE_SIGN_ENTITLEMENTS = RihTrackerApp/RihTrackerApp.entitlements;
				CODE_SIGN_STYLE = Automatic;
				COMBINE_HIDPI_IMAGES = YES;
				CURRENT_PROJECT_VERSION = 1;
				GENERATE_INFOPLIST_FILE = YES;
				INFOPLIST_KEY_NSHumanReadableCopyright = "";
				INFOPLIST_KEY_NSMainStoryboardFile = Main;
				INFOPLIST_KEY_NSPrincipalClass = NSApplication;
				LD_RUNPATH_SEARCH_PATHS = (
					"$(inherited)",
					"@executable_path/../Frameworks",
				);
				MARKETING_VERSION = 1.0;
				PRODUCT_BUNDLE_IDENTIFIER = "-23.RihTrackerApp";
				PRODUCT_NAME = "$(TARGET_NAME)";
				SWIFT_EMIT_LOC_STRINGS = YES;
				SWIFT_VERSION = 5.0;
			};
			name = Debug;
		};
		876F35C42B3B0CA300CD6A0F /* Release */ = {
			isa = XCBuildConfiguration;
			buildSettings = {
				ASSETCATALOG_COMPILER_APPICON_NAME = AppIcon;
				ASSETCATALOG_COMPILER_GLOBAL_ACCENT_COLOR_NAME = AccentColor;
				CODE_SIGN_ENTITLEMENTS = RihTrackerApp/RihTrackerApp.entitlements;
				CODE_SIGN_STYLE = Automatic;
				COMBINE_HIDPI_IMAGES = YES;
				CURRENT_PROJECT_VERSION = 1;
				GENERATE_INFOPLIST_FILE = YES;
				INFOPLIST_KEY_NSHumanReadableCopyright = "";
				INFOPLIST_KEY_NSMainStoryboardFile = Main;
				INFOPLIST_KEY_NSPrincipalClass = NSApplication;
				LD_RUNPATH_SEARCH_PATHS = (
					"$(inherited)",
					"@executable_path/../Frameworks",
				);
				MARKETING_VERSION = 1.0;
				PRODUCT_BUNDLE_IDENTIFIER = "-23.RihTrackerApp";
				PRODUCT_NAME = "$(TARGET_NAME)";
				SWIFT_EMIT_LOC_STRINGS = YES;
				SWIFT_VERSION = 5.0;
			};
			name = Release;
		};
		876F35C62B3B0CA300CD6A0F /* Debug */ = {
			isa = XCBuildConfiguration;
			buildSettings = {
				ALWAYS_EMBED_SWIFT_STANDARD_LIBRARIES = YES;
				BUNDLE_LOADER = "$(TEST_HOST)";
				CODE_SIGN_STYLE = Automatic;
				CURRENT_PROJECT_VERSION = 1;
				GENERATE_INFOPLIST_FILE = YES;
				MACOSX_DEPLOYMENT_TARGET = 14.2;
				MARKETING_VERSION = 1.0;
				PRODUCT_BUNDLE_IDENTIFIER = "-23.RihTrackerAppTests";
				PRODUCT_NAME = "$(TARGET_NAME)";
				SWIFT_EMIT_LOC_STRINGS = NO;
				SWIFT_VERSION = 5.0;
				TEST_HOST = "$(BUILT_PRODUCTS_DIR)/RihTrackerApp.app/$(BUNDLE_EXECUTABLE_FOLDER_PATH)/RihTrackerApp";
			};
			name = Debug;
		};
		876F35C72B3B0CA300CD6A0F /* Release */ = {
			isa = XCBuildConfiguration;
			buildSettings = {
				ALWAYS_EMBED_SWIFT_STANDARD_LIBRARIES = YES;
				BUNDLE_LOADER = "$(TEST_HOST)";
				CODE_SIGN_STYLE = Automatic;
				CURRENT_PROJECT_VERSION = 1;
				GENERATE_INFOPLIST_FILE = YES;
				MACOSX_DEPLOYMENT_TARGET = 14.2;
				MARKETING_VERSION = 1.0;
				PRODUCT_BUNDLE_IDENTIFIER = "-23.RihTrackerAppTests";
				PRODUCT_NAME = "$(TARGET_NAME)";
				SWIFT_EMIT_LOC_STRINGS = NO;
				SWIFT_VERSION = 5.0;
				TEST_HOST = "$(BUILT_PRODUCTS_DIR)/RihTrackerApp.app/$(BUNDLE_EXECUTABLE_FOLDER_PATH)/RihTrackerApp";
			};
			name = Release;
		};
		876F35C92B3B0CA300CD6A0F /* Debug */ = {
			isa = XCBuildConfiguration;
			buildSettings = {
				ALWAYS_EMBED_SWIFT_STANDARD_LIBRARIES = YES;
				CODE_SIGN_STYLE = Automatic;
				CURRENT_PROJECT_VERSION = 1;
				GENERATE_INFOPLIST_FILE = YES;
				MARKETING_VERSION = 1.0;
				PRODUCT_BUNDLE_IDENTIFIER = "-23.RihTrackerAppUITests";
				PRODUCT_NAME = "$(TARGET_NAME)";
				SWIFT_EMIT_LOC_STRINGS = NO;
				SWIFT_VERSION = 5.0;
				TEST_TARGET_NAME = RihTrackerApp;
			};
			name = Debug;
		};
		876F35CA2B3B0CA300CD6A0F /* Release */ = {
			isa = XCBuildConfiguration;
			buildSettings = {
				ALWAYS_EMBED_SWIFT_STANDARD_LIBRARIES = YES;
				CODE_SIGN_STYLE = Automatic;
				CURRENT_PROJECT_VERSION = 1;
				GENERATE_INFOPLIST_FILE = YES;
				MARKETING_VERSION = 1.0;
				PRODUCT_BUNDLE_IDENTIFIER = "-23.RihTrackerAppUITests";
				PRODUCT_NAME = "$(TARGET_NAME)";
				SWIFT_EMIT_LOC_STRINGS = NO;
				SWIFT_VERSION = 5.0;
				TEST_TARGET_NAME = RihTrackerApp;
			};
			name = Release;
		};
/* End XCBuildConfiguration section */

/* Begin XCConfigurationList section */
		876F35982B3B0CA200CD6A0F /* Build configuration list for PBXProject "RihTrackerApp" */ = {
			isa = XCConfigurationList;
			buildConfigurations = (
				876F35C02B3B0CA300CD6A0F /* Debug */,
				876F35C12B3B0CA300CD6A0F /* Release */,
			);
			defaultConfigurationIsVisible = 0;
			defaultConfigurationName = Release;
		};
		876F35C22B3B0CA300CD6A0F /* Build configuration list for PBXNativeTarget "RihTrackerApp" */ = {
			isa = XCConfigurationList;
			buildConfigurations = (
				876F35C32B3B0CA300CD6A0F /* Debug */,
				876F35C42B3B0CA300CD6A0F /* Release */,
			);
			defaultConfigurationIsVisible = 0;
			defaultConfigurationName = Release;
		};
		876F35C52B3B0CA300CD6A0F /* Build configuration list for PBXNativeTarget "RihTrackerAppTests" */ = {
			isa = XCConfigurationList;
			buildConfigurations = (
				876F35C62B3B0CA300CD6A0F /* Debug */,
				876F35C72B3B0CA300CD6A0F /* Release */,
			);
			defaultConfigurationIsVisible = 0;
			defaultConfigurationName = Release;
		};
		876F35C82B3B0CA300CD6A0F /* Build configuration list for PBXNativeTarget "RihTrackerAppUITests" */ = {
			isa = XCConfigurationList;
			buildConfigurations = (
				876F35C92B3B0CA300CD6A0F /* Debug */,
				876F35CA2B3B0CA300CD6A0F /* Release */,
			);
			defaultConfigurationIsVisible = 0;
			defaultConfigurationName = Release;
		};
/* End XCConfigurationList section */
	};
	rootObject = 876F35952B3B0CA200CD6A0F /* Project object */;
}
